
Microsoft Visual Studio Solution File, Format Version 12.00
# Visual Studio 15
VisualStudioVersion = 15.0.28010.2041
MinimumVisualStudioVersion = 10.0.40219.1
Project("{9A19103F-16F7-4668-BE54-9A1E7A4F7556}") = "Lab7_DotNet", "Lab7_DotNet\Lab7_DotNet.csproj", "{3691DC20-7098-482B-8FC6-31BA53AE4816}"
EndProject
Project("{FAE04EC0-301F-11D3-BF4B-00C04F79EFBC}") = "DataLayer", "DataLayer\DataLayer.csproj", "{37D647A5-39FD-4615-9E0C-A8078AAA8D06}"
EndProject
Project("{FAE04EC0-301F-11D3-BF4B-00C04F79EFBC}") = "BusinessLayer", "BusinessLayer\BusinessLayer.csproj", "{514CA67D-27BB-475A-917F-5E2CD2AA5F51}"
EndProject
Global
	GlobalSection(SolutionConfigurationPlatforms) = preSolution
		Debug|Any CPU = Debug|Any CPU
		Release|Any CPU = Release|Any CPU
	EndGlobalSection
	GlobalSection(ProjectConfigurationPlatforms) = postSolution
		{3691DC20-7098-482B-8FC6-31BA53AE4816}.Debug|Any CPU.ActiveCfg = Debug|Any CPU
		{3691DC20-7098-482B-8FC6-31BA53AE4816}.Debug|Any CPU.Build.0 = Debug|Any CPU
		{3691DC20-7098-482B-8FC6-31BA53AE4816}.Release|Any CPU.ActiveCfg = Release|Any CPU
		{3691DC20-7098-482B-8FC6-31BA53AE4816}.Release|Any CPU.Build.0 = Release|Any CPU
		{37D647A5-39FD-4615-9E0C-A8078AAA8D06}.Debug|Any CPU.ActiveCfg = Debug|Any CPU
		{37D647A5-39FD-4615-9E0C-A8078AAA8D06}.Debug|Any CPU.Build.0 = Debug|Any CPU
		{37D647A5-39FD-4615-9E0C-A8078AAA8D06}.Release|Any CPU.ActiveCfg = Release|Any CPU
		{37D647A5-39FD-4615-9E0C-A8078AAA8D06}.Release|Any CPU.Build.0 = Release|Any CPU
		{514CA67D-27BB-475A-917F-5E2CD2AA5F51}.Debug|Any CPU.ActiveCfg = Debug|Any CPU
		{514CA67D-27BB-475A-917F-5E2CD2AA5F51}.Debug|Any CPU.Build.0 = Debug|Any CPU
		{514CA67D-27BB-475A-917F-5E2CD2AA5F51}.Release|Any CPU.ActiveCfg = Release|Any CPU
		{514CA67D-27BB-475A-917F-5E2CD2AA5F51}.Release|Any CPU.Build.0 = Release|Any CPU
	EndGlobalSection
	GlobalSection(SolutionProperties) = preSolution
		HideSolutionNode = FALSE
	EndGlobalSection
	GlobalSection(ExtensibilityGlobals) = postSolution
		SolutionGuid = {94D58DE6-E0B3-483B-A7AD-AC1B6B3B701B}
	EndGlobalSection
EndGlobal
